
Microsoft Visual Studio Solution File, Format Version 12.00
# Visual Studio 14
VisualStudioVersion = 14.0.25420.1
MinimumVisualStudioVersion = 10.0.40219.1
Project("{FAE04EC0-301F-11D3-BF4B-00C04F79EFBC}") = "AudienceGenerator", "AudienceGenerator\AudienceGenerator.csproj", "{CC6F97D9-2EBF-467E-AB36-F7D0D41F182A}"
EndProject
Project("{FAE04EC0-301F-11D3-BF4B-00C04F79EFBC}") = "StartingProject.API", "StartingProject.API\StartingProject.API.csproj", "{5E9F5750-513E-4D57-8032-75E96578D743}"
EndProject
Global
	GlobalSection(SolutionConfigurationPlatforms) = preSolution
		Debug|Any CPU = Debug|Any CPU
		Release|Any CPU = Release|Any CPU
	EndGlobalSection
	GlobalSection(ProjectConfigurationPlatforms) = postSolution
		{CC6F97D9-2EBF-467E-AB36-F7D0D41F182A}.Debug|Any CPU.ActiveCfg = Debug|Any CPU
		{CC6F97D9-2EBF-467E-AB36-F7D0D41F182A}.Debug|Any CPU.Build.0 = Debug|Any CPU
		{CC6F97D9-2EBF-467E-AB36-F7D0D41F182A}.Release|Any CPU.ActiveCfg = Release|Any CPU
		{CC6F97D9-2EBF-467E-AB36-F7D0D41F182A}.Release|Any CPU.Build.0 = Release|Any CPU
		{5E9F5750-513E-4D57-8032-75E96578D743}.Debug|Any CPU.ActiveCfg = Debug|Any CPU
		{5E9F5750-513E-4D57-8032-75E96578D743}.Debug|Any CPU.Build.0 = Debug|Any CPU
		{5E9F5750-513E-4D57-8032-75E96578D743}.Release|Any CPU.ActiveCfg = Release|Any CPU
		{5E9F5750-513E-4D57-8032-75E96578D743}.Release|Any CPU.Build.0 = Release|Any CPU
	EndGlobalSection
	GlobalSection(SolutionProperties) = preSolution
		HideSolutionNode = FALSE
	EndGlobalSection
EndGlobal
